
Microsoft Visual Studio Solution File, Format Version 12.00
# Visual Studio Version 16
VisualStudioVersion = 16.0.31112.23
MinimumVisualStudioVersion = 10.0.40219.1
Project("{FAE04EC0-301F-11D3-BF4B-00C04F79EFBC}") = "WebApplication1", "WebApplication1\WebApplication1.csproj", "{526031C7-8E81-4090-9B01-9E861DC44A89}"
EndProject
Global
	GlobalSection(SolutionConfigurationPlatforms) = preSolution
		Debug|Any CPU = Debug|Any CPU
		Release|Any CPU = Release|Any CPU
	EndGlobalSection
	GlobalSection(ProjectConfigurationPlatforms) = postSolution
		{526031C7-8E81-4090-9B01-9E861DC44A89}.Debug|Any CPU.ActiveCfg = Debug|Any CPU
		{526031C7-8E81-4090-9B01-9E861DC44A89}.Debug|Any CPU.Build.0 = Debug|Any CPU
		{526031C7-8E81-4090-9B01-9E861DC44A89}.Release|Any CPU.ActiveCfg = Release|Any CPU
		{526031C7-8E81-4090-9B01-9E861DC44A89}.Release|Any CPU.Build.0 = Release|Any CPU
	EndGlobalSection
	GlobalSection(SolutionProperties) = preSolution
		HideSolutionNode = FALSE
	EndGlobalSection
	GlobalSection(ExtensibilityGlobals) = postSolution
		SolutionGuid = {7010DEBD-07B0-40F4-8C5A-461160670EAA}
	EndGlobalSection
EndGlobal
